PODS:
  - lottie-ios (3.2.3)
  - SDWebImage (5.15.5):
    - SDWebImage/Core (= 5.15.5)
  - SDWebImage/Core (5.15.5)

DEPENDENCIES:
  - lottie-ios
  - SDWebImage (~> 5.0)

SPEC REPOS:
  trunk:
    - lottie-ios
    - SDWebImage

SPEC CHECKSUMS:
  lottie-ios: c058aeafa76daa4cf64d773554bccc8385d0150e
  SDWebImage: fd7e1a22f00303e058058278639bf6196ee431fe

PODFILE CHECKSUM: ed4662ce87a5d80d58258ed2dfb832e8e3c717fe

COCOAPODS: 1.12.0
