// !$*UTF8*$!
{
	archiveVersion = 1;
	classes = {
	};
	objectVersion = 56;
	objects = {

/* Begin PBXBuildFile section */
		1C67AB92D3B6C44E88989DFA /* Pods_iOS_Project.framework in Frameworks */ = {isa = PBXBuildFile; fileRef = F5A04FA24A85C70D0A5A0402 /* Pods_iOS_Project.framework */; };
		AD030DB2C3AE46D76BA2DEAF /* Pods_iOS_ProjectTests.framework in Frameworks */ = {isa = PBXBuildFile; fileRef = 6E990BFB88AAE37460C392E9 /* Pods_iOS_ProjectTests.framework */; };
		BEEDC09E4DABFEEA029729F7 /* Pods_iOS_Project_iOS_ProjectUITests.framework in Frameworks */ = {isa = PBXBuildFile; fileRef = 0312777D4C237B2A4AA5D833 /* Pods_iOS_Project_iOS_ProjectUITests.framework */; };
		C965A1882A214BF800DF98E1 /* FavouriteViewModel.swift in Sources */ = {isa = PBXBuildFile; fileRef = C965A1872A214BF800DF98E1 /* FavouriteViewModel.swift */; };
		C965A18A2A2150C700DF98E1 /* TestCoreData.swift in Sources */ = {isa = PBXBuildFile; fileRef = C965A1892A2150C700DF98E1 /* TestCoreData.swift */; };
		C97B63822A1FBEE4005D11AD /* AppDelegate.swift in Sources */ = {isa = PBXBuildFile; fileRef = C97B63812A1FBEE4005D11AD /* AppDelegate.swift */; };
		C97B63842A1FBEE4005D11AD /* SceneDelegate.swift in Sources */ = {isa = PBXBuildFile; fileRef = C97B63832A1FBEE4005D11AD /* SceneDelegate.swift */; };
		C97B63862A1FBEE4005D11AD /* ViewController.swift in Sources */ = {isa = PBXBuildFile; fileRef = C97B63852A1FBEE4005D11AD /* ViewController.swift */; };
		C97B63892A1FBEE4005D11AD /* Main.storyboard in Resources */ = {isa = PBXBuildFile; fileRef = C97B63872A1FBEE4005D11AD /* Main.storyboard */; };
		C97B638C2A1FBEE4005D11AD /* iOS_Project.xcdatamodeld in Sources */ = {isa = PBXBuildFile; fileRef = C97B638A2A1FBEE4005D11AD /* iOS_Project.xcdatamodeld */; };
		C97B638E2A1FBEE7005D11AD /* Assets.xcassets in Resources */ = {isa = PBXBuildFile; fileRef = C97B638D2A1FBEE7005D11AD /* Assets.xcassets */; };
		C97B63912A1FBEE7005D11AD /* LaunchScreen.storyboard in Resources */ = {isa = PBXBuildFile; fileRef = C97B638F2A1FBEE7005D11AD /* LaunchScreen.storyboard */; };
		C97B639C2A1FBEE8005D11AD /* iOS_ProjectTests.swift in Sources */ = {isa = PBXBuildFile; fileRef = C97B639B2A1FBEE8005D11AD /* iOS_ProjectTests.swift */; };
		C97B63A62A1FBEE8005D11AD /* iOS_ProjectUITests.swift in Sources */ = {isa = PBXBuildFile; fileRef = C97B63A52A1FBEE8005D11AD /* iOS_ProjectUITests.swift */; };
		C97B63A82A1FBEE8005D11AD /* iOS_ProjectUITestsLaunchTests.swift in Sources */ = {isa = PBXBuildFile; fileRef = C97B63A72A1FBEE8005D11AD /* iOS_ProjectUITestsLaunchTests.swift */; };
		C9BB225C2A1F44A400C73954 /* HomeViewController.swift in Sources */ = {isa = PBXBuildFile; fileRef = C9BB225B2A1F44A400C73954 /* HomeViewController.swift */; };
		C9BB225E2A1F44AF00C73954 /* HomeStoryboard.storyboard in Resources */ = {isa = PBXBuildFile; fileRef = C9BB225D2A1F44AF00C73954 /* HomeStoryboard.storyboard */; };
		C9BB22612A1F44D400C73954 /* FavouriteStoryboard.storyboard in Resources */ = {isa = PBXBuildFile; fileRef = C9BB22602A1F44D400C73954 /* FavouriteStoryboard.storyboard */; };
		C9BB22632A1F44E900C73954 /* FavouriteViewController.swift in Sources */ = {isa = PBXBuildFile; fileRef = C9BB22622A1F44E900C73954 /* FavouriteViewController.swift */; };
		C9BB22662A1F450D00C73954 /* DetailsViewController.swift in Sources */ = {isa = PBXBuildFile; fileRef = C9BB22652A1F450D00C73954 /* DetailsViewController.swift */; };
		C9BB226C2A1F5DA100C73954 /* FavouriteTableViewCell.swift in Sources */ = {isa = PBXBuildFile; fileRef = C9BB226B2A1F5DA100C73954 /* FavouriteTableViewCell.swift */; };
		C9BB226E2A1F72B000C73954 /* LocalDataSource.swift in Sources */ = {isa = PBXBuildFile; fileRef = C9BB226D2A1F72B000C73954 /* LocalDataSource.swift */; };
		C9BBA37E2ADB2016721B9D4F /* (null) in Frameworks */ = {isa = PBXBuildFile; };
		CF40F30A2A20C2D200597260 /* CategoryCollectionViewCelll.swift in Sources */ = {isa = PBXBuildFile; fileRef = CF40F3092A20C2D200597260 /* CategoryCollectionViewCelll.swift */; };
		CF40F30C2A20C3D900597260 /* GradientView.swift in Sources */ = {isa = PBXBuildFile; fileRef = CF40F30B2A20C3D900597260 /* GradientView.swift */; };
		CF7795D02A2039EF004C50B3 /* Utilities.swift in Sources */ = {isa = PBXBuildFile; fileRef = CF7795CF2A2039EF004C50B3 /* Utilities.swift */; };
		CF8557AB2A20A3460019137E /* (null) in Sources */ = {isa = PBXBuildFile; };
		CF8557B52A20AEB60019137E /* (null) in Sources */ = {isa = PBXBuildFile; };
		DB2A78252A22BD8500CE1EF7 /* DetailsStoryboard.storyboard in Resources */ = {isa = PBXBuildFile; fileRef = DB2A78242A22BD8500CE1EF7 /* DetailsStoryboard.storyboard */; };
		DBEDFD0B2A22199B00897085 /* ResponseModel.swift in Sources */ = {isa = PBXBuildFile; fileRef = DBEDFD0A2A22199B00897085 /* ResponseModel.swift */; };
		DBEDFD0D2A221BC800897085 /* NetWorkServices.swift in Sources */ = {isa = PBXBuildFile; fileRef = DBEDFD0C2A221BC800897085 /* NetWorkServices.swift */; };
		DBF20EF02A2248F10030D9D8 /* HomeViewModel.swift in Sources */ = {isa = PBXBuildFile; fileRef = DBF20EEF2A2248F10030D9D8 /* HomeViewModel.swift */; };
/* End PBXBuildFile section */

/* Begin PBXContainerItemProxy section */
		C97B63982A1FBEE8005D11AD /* PBXContainerItemProxy */ = {
			isa = PBXContainerItemProxy;
			containerPortal = C97B63762A1FBEE4005D11AD /* Project object */;
			proxyType = 1;
			remoteGlobalIDString = C97B637D2A1FBEE4005D11AD;
			remoteInfo = iOS_Project;
		};
		C97B63A22A1FBEE8005D11AD /* PBXContainerItemProxy */ = {
			isa = PBXContainerItemProxy;
			containerPortal = C97B63762A1FBEE4005D11AD /* Project object */;
			proxyType = 1;
			remoteGlobalIDString = C97B637D2A1FBEE4005D11AD;
			remoteInfo = iOS_Project;
		};
/* End PBXContainerItemProxy section */

/* Begin PBXFileReference section */
		0312777D4C237B2A4AA5D833 /* Pods_iOS_Project_iOS_ProjectUITests.framework */ = {isa = PBXFileReference; explicitFileType = wrapper.framework; includeInIndex = 0; path = Pods_iOS_Project_iOS_ProjectUITests.framework; sourceTree = BUILT_PRODUCTS_DIR; };
		2E68ED597D5E1B77A258D9E8 /* Pods-iOS_Project.release.xcconfig */ = {isa = PBXFileReference; includeInIndex = 1; lastKnownFileType = text.xcconfig; name = "Pods-iOS_Project.release.xcconfig"; path = "Target Support Files/Pods-iOS_Project/Pods-iOS_Project.release.xcconfig"; sourceTree = "<group>"; };
		31A99F5493B33309637A06E5 /* Pods-iOS_Project-iOS_ProjectUITests.release.xcconfig */ = {isa = PBXFileReference; includeInIndex = 1; lastKnownFileType = text.xcconfig; name = "Pods-iOS_Project-iOS_ProjectUITests.release.xcconfig"; path = "Target Support Files/Pods-iOS_Project-iOS_ProjectUITests/Pods-iOS_Project-iOS_ProjectUITests.release.xcconfig"; sourceTree = "<group>"; };
		359059060DCCBF53C3FB5657 /* Pods-iOS_ProjectTests.release.xcconfig */ = {isa = PBXFileReference; includeInIndex = 1; lastKnownFileType = text.xcconfig; name = "Pods-iOS_ProjectTests.release.xcconfig"; path = "Target Support Files/Pods-iOS_ProjectTests/Pods-iOS_ProjectTests.release.xcconfig"; sourceTree = "<group>"; };
		6699A017DB7CBAB8B9835E6B /* Pods-iOS_Project.debug.xcconfig */ = {isa = PBXFileReference; includeInIndex = 1; lastKnownFileType = text.xcconfig; name = "Pods-iOS_Project.debug.xcconfig"; path = "Target Support Files/Pods-iOS_Project/Pods-iOS_Project.debug.xcconfig"; sourceTree = "<group>"; };
		6E990BFB88AAE37460C392E9 /* Pods_iOS_ProjectTests.framework */ = {isa = PBXFileReference; explicitFileType = wrapper.framework; includeInIndex = 0; path = Pods_iOS_ProjectTests.framework; sourceTree = BUILT_PRODUCTS_DIR; };
		8354C43447E4D8A447029F02 /* Pods-iOS_ProjectTests.debug.xcconfig */ = {isa = PBXFileReference; includeInIndex = 1; lastKnownFileType = text.xcconfig; name = "Pods-iOS_ProjectTests.debug.xcconfig"; path = "Target Support Files/Pods-iOS_ProjectTests/Pods-iOS_ProjectTests.debug.xcconfig"; sourceTree = "<group>"; };
		C965A1872A214BF800DF98E1 /* FavouriteViewModel.swift */ = {isa = PBXFileReference; lastKnownFileType = sourcecode.swift; path = FavouriteViewModel.swift; sourceTree = "<group>"; };
		C965A1892A2150C700DF98E1 /* TestCoreData.swift */ = {isa = PBXFileReference; lastKnownFileType = sourcecode.swift; path = TestCoreData.swift; sourceTree = "<group>"; };
		C97B637E2A1FBEE4005D11AD /* iOS_Project.app */ = {isa = PBXFileReference; explicitFileType = wrapper.application; includeInIndex = 0; path = iOS_Project.app; sourceTree = BUILT_PRODUCTS_DIR; };
		C97B63812A1FBEE4005D11AD /* AppDelegate.swift */ = {isa = PBXFileReference; lastKnownFileType = sourcecode.swift; path = AppDelegate.swift; sourceTree = "<group>"; };
		C97B63832A1FBEE4005D11AD /* SceneDelegate.swift */ = {isa = PBXFileReference; lastKnownFileType = sourcecode.swift; path = SceneDelegate.swift; sourceTree = "<group>"; };
		C97B63852A1FBEE4005D11AD /* ViewController.swift */ = {isa = PBXFileReference; lastKnownFileType = sourcecode.swift; path = ViewController.swift; sourceTree = "<group>"; };
		C97B63882A1FBEE4005D11AD /* Base */ = {isa = PBXFileReference; lastKnownFileType = file.storyboard; name = Base; path = Base.lproj/Main.storyboard; sourceTree = "<group>"; };
		C97B638B2A1FBEE4005D11AD /* iOS_Project.xcdatamodel */ = {isa = PBXFileReference; lastKnownFileType = wrapper.xcdatamodel; path = iOS_Project.xcdatamodel; sourceTree = "<group>"; };
		C97B638D2A1FBEE7005D11AD /* Assets.xcassets */ = {isa = PBXFileReference; lastKnownFileType = folder.assetcatalog; path = Assets.xcassets; sourceTree = "<group>"; };
		C97B63902A1FBEE7005D11AD /* Base */ = {isa = PBXFileReference; lastKnownFileType = file.storyboard; name = Base; path = Base.lproj/LaunchScreen.storyboard; sourceTree = "<group>"; };
		C97B63922A1FBEE7005D11AD /* Info.plist */ = {isa = PBXFileReference; lastKnownFileType = text.plist.xml; path = Info.plist; sourceTree = "<group>"; };
		C97B63972A1FBEE8005D11AD /* iOS_ProjectTests.xctest */ = {isa = PBXFileReference; explicitFileType = wrapper.cfbundle; includeInIndex = 0; path = iOS_ProjectTests.xctest; sourceTree = BUILT_PRODUCTS_DIR; };
		C97B639B2A1FBEE8005D11AD /* iOS_ProjectTests.swift */ = {isa = PBXFileReference; lastKnownFileType = sourcecode.swift; path = iOS_ProjectTests.swift; sourceTree = "<group>"; };
		C97B63A12A1FBEE8005D11AD /* iOS_ProjectUITests.xctest */ = {isa = PBXFileReference; explicitFileType = wrapper.cfbundle; includeInIndex = 0; path = iOS_ProjectUITests.xctest; sourceTree = BUILT_PRODUCTS_DIR; };
		C97B63A52A1FBEE8005D11AD /* iOS_ProjectUITests.swift */ = {isa = PBXFileReference; lastKnownFileType = sourcecode.swift; path = iOS_ProjectUITests.swift; sourceTree = "<group>"; };
		C97B63A72A1FBEE8005D11AD /* iOS_ProjectUITestsLaunchTests.swift */ = {isa = PBXFileReference; lastKnownFileType = sourcecode.swift; path = iOS_ProjectUITestsLaunchTests.swift; sourceTree = "<group>"; };
		C9BB225B2A1F44A400C73954 /* HomeViewController.swift */ = {isa = PBXFileReference; lastKnownFileType = sourcecode.swift; path = HomeViewController.swift; sourceTree = "<group>"; };
		C9BB225D2A1F44AF00C73954 /* HomeStoryboard.storyboard */ = {isa = PBXFileReference; lastKnownFileType = file.storyboard; path = HomeStoryboard.storyboard; sourceTree = "<group>"; };
		C9BB22602A1F44D400C73954 /* FavouriteStoryboard.storyboard */ = {isa = PBXFileReference; lastKnownFileType = file.storyboard; path = FavouriteStoryboard.storyboard; sourceTree = "<group>"; };
		C9BB22622A1F44E900C73954 /* FavouriteViewController.swift */ = {isa = PBXFileReference; lastKnownFileType = sourcecode.swift; path = FavouriteViewController.swift; sourceTree = "<group>"; };
		C9BB22652A1F450D00C73954 /* DetailsViewController.swift */ = {isa = PBXFileReference; lastKnownFileType = sourcecode.swift; path = DetailsViewController.swift; sourceTree = "<group>"; };
		C9BB226B2A1F5DA100C73954 /* FavouriteTableViewCell.swift */ = {isa = PBXFileReference; lastKnownFileType = sourcecode.swift; path = FavouriteTableViewCell.swift; sourceTree = "<group>"; };
		C9BB226D2A1F72B000C73954 /* LocalDataSource.swift */ = {isa = PBXFileReference; lastKnownFileType = sourcecode.swift; path = LocalDataSource.swift; sourceTree = "<group>"; };
		CF40F3092A20C2D200597260 /* CategoryCollectionViewCelll.swift */ = {isa = PBXFileReference; lastKnownFileType = sourcecode.swift; path = CategoryCollectionViewCelll.swift; sourceTree = "<group>"; };
		CF40F30B2A20C3D900597260 /* GradientView.swift */ = {isa = PBXFileReference; lastKnownFileType = sourcecode.swift; path = GradientView.swift; sourceTree = "<group>"; };
		CF7795CF2A2039EF004C50B3 /* Utilities.swift */ = {isa = PBXFileReference; lastKnownFileType = sourcecode.swift; path = Utilities.swift; sourceTree = "<group>"; };
		DB2A78242A22BD8500CE1EF7 /* DetailsStoryboard.storyboard */ = {isa = PBXFileReference; fileEncoding = 4; lastKnownFileType = file.storyboard; path = DetailsStoryboard.storyboard; sourceTree = "<group>"; };
		DBEDFD0A2A22199B00897085 /* ResponseModel.swift */ = {isa = PBXFileReference; lastKnownFileType = sourcecode.swift; path = ResponseModel.swift; sourceTree = "<group>"; };
		DBEDFD0C2A221BC800897085 /* NetWorkServices.swift */ = {isa = PBXFileReference; lastKnownFileType = sourcecode.swift; name = NetWorkServices.swift; path = iOS_Project/NetWorkLayer/NetWorkServices.swift; sourceTree = SOURCE_ROOT; };
		DBF20EEF2A2248F10030D9D8 /* HomeViewModel.swift */ = {isa = PBXFileReference; lastKnownFileType = sourcecode.swift; path = HomeViewModel.swift; sourceTree = "<group>"; };
		F5A04FA24A85C70D0A5A0402 /* Pods_iOS_Project.framework */ = {isa = PBXFileReference; explicitFileType = wrapper.framework; includeInIndex = 0; path = Pods_iOS_Project.framework; sourceTree = BUILT_PRODUCTS_DIR; };
		FAA94E930C307E655779DB15 /* Pods-iOS_Project-iOS_ProjectUITests.debug.xcconfig */ = {isa = PBXFileReference; includeInIndex = 1; lastKnownFileType = text.xcconfig; name = "Pods-iOS_Project-iOS_ProjectUITests.debug.xcconfig"; path = "Target Support Files/Pods-iOS_Project-iOS_ProjectUITests/Pods-iOS_Project-iOS_ProjectUITests.debug.xcconfig"; sourceTree = "<group>"; };
/* End PBXFileReference section */

/* Begin PBXFrameworksBuildPhase section */
		C97B637B2A1FBEE4005D11AD /* Frameworks */ = {
			isa = PBXFrameworksBuildPhase;
			buildActionMask = 2147483647;
			files = (
				C9BBA37E2ADB2016721B9D4F /* (null) in Frameworks */,
				1C67AB92D3B6C44E88989DFA /* Pods_iOS_Project.framework in Frameworks */,
			);
			runOnlyForDeploymentPostprocessing = 0;
		};
		C97B63942A1FBEE8005D11AD /* Frameworks */ = {
			isa = PBXFrameworksBuildPhase;
			buildActionMask = 2147483647;
			files = (
				AD030DB2C3AE46D76BA2DEAF /* Pods_iOS_ProjectTests.framework in Frameworks */,
			);
			runOnlyForDeploymentPostprocessing = 0;
		};
		C97B639E2A1FBEE8005D11AD /* Frameworks */ = {
			isa = PBXFrameworksBuildPhase;
			buildActionMask = 2147483647;
			files = (
				BEEDC09E4DABFEEA029729F7 /* Pods_iOS_Project_iOS_ProjectUITests.framework in Frameworks */,
			);
			runOnlyForDeploymentPostprocessing = 0;
		};
/* End PBXFrameworksBuildPhase section */

/* Begin PBXGroup section */
		93AFA4A3163D0B694992567C /* Pods */ = {
			isa = PBXGroup;
			children = (
				6699A017DB7CBAB8B9835E6B /* Pods-iOS_Project.debug.xcconfig */,
				2E68ED597D5E1B77A258D9E8 /* Pods-iOS_Project.release.xcconfig */,
				FAA94E930C307E655779DB15 /* Pods-iOS_Project-iOS_ProjectUITests.debug.xcconfig */,
				31A99F5493B33309637A06E5 /* Pods-iOS_Project-iOS_ProjectUITests.release.xcconfig */,
				8354C43447E4D8A447029F02 /* Pods-iOS_ProjectTests.debug.xcconfig */,
				359059060DCCBF53C3FB5657 /* Pods-iOS_ProjectTests.release.xcconfig */,
			);
			path = Pods;
			sourceTree = "<group>";
		};
		A5EA645210458C9204819CEC /* Frameworks */ = {
			isa = PBXGroup;
			children = (
				F5A04FA24A85C70D0A5A0402 /* Pods_iOS_Project.framework */,
				0312777D4C237B2A4AA5D833 /* Pods_iOS_Project_iOS_ProjectUITests.framework */,
				6E990BFB88AAE37460C392E9 /* Pods_iOS_ProjectTests.framework */,
			);
			name = Frameworks;
			sourceTree = "<group>";
		};
		C97B63752A1FBEE4005D11AD = {
			isa = PBXGroup;
			children = (
				C97B63802A1FBEE4005D11AD /* iOS_Project */,
				C97B639A2A1FBEE8005D11AD /* iOS_ProjectTests */,
				C97B63A42A1FBEE8005D11AD /* iOS_ProjectUITests */,
				C97B637F2A1FBEE4005D11AD /* Products */,
				93AFA4A3163D0B694992567C /* Pods */,
				A5EA645210458C9204819CEC /* Frameworks */,
			);
			sourceTree = "<group>";
		};
		C97B637F2A1FBEE4005D11AD /* Products */ = {
			isa = PBXGroup;
			children = (
				C97B637E2A1FBEE4005D11AD /* iOS_Project.app */,
				C97B63972A1FBEE8005D11AD /* iOS_ProjectTests.xctest */,
				C97B63A12A1FBEE8005D11AD /* iOS_ProjectUITests.xctest */,
			);
			name = Products;
			sourceTree = "<group>";
		};
		C97B63802A1FBEE4005D11AD /* iOS_Project */ = {
			isa = PBXGroup;
			children = (
				C9BB226A2A1F482600C73954 /* NetworkLayer */,
				C9BB22592A1F444200C73954 /* Models */,
				C9BB22582A1F441900C73954 /* Module */,
				CF7795CE2A2039D2004C50B3 /* Utilities */,
				C97B63872A1FBEE4005D11AD /* Main.storyboard */,
				C97B638D2A1FBEE7005D11AD /* Assets.xcassets */,
				C97B638F2A1FBEE7005D11AD /* LaunchScreen.storyboard */,
				C97B63922A1FBEE7005D11AD /* Info.plist */,
				C97B63852A1FBEE4005D11AD /* ViewController.swift */,
				C97B638A2A1FBEE4005D11AD /* iOS_Project.xcdatamodeld */,
			);
			path = iOS_Project;
			sourceTree = "<group>";
		};
		C97B639A2A1FBEE8005D11AD /* iOS_ProjectTests */ = {
			isa = PBXGroup;
			children = (
				C97B639B2A1FBEE8005D11AD /* iOS_ProjectTests.swift */,
				C965A1892A2150C700DF98E1 /* TestCoreData.swift */,
			);
			path = iOS_ProjectTests;
			sourceTree = "<group>";
		};
		C97B63A42A1FBEE8005D11AD /* iOS_ProjectUITests */ = {
			isa = PBXGroup;
			children = (
				C97B63A52A1FBEE8005D11AD /* iOS_ProjectUITests.swift */,
				C97B63A72A1FBEE8005D11AD /* iOS_ProjectUITestsLaunchTests.swift */,
			);
			path = iOS_ProjectUITests;
			sourceTree = "<group>";
		};
		C9BB22582A1F441900C73954 /* Module */ = {
			isa = PBXGroup;
			children = (
				DB3977272A21D167001AC58F /* BaseModules */,
				C9BB22642A1F44F500C73954 /* Details */,
				C9BB225F2A1F44B300C73954 /* Favourite */,
				C9BB225A2A1F446600C73954 /* Home */,
			);
			path = Module;
			sourceTree = "<group>";
		};
		C9BB22592A1F444200C73954 /* Models */ = {
			isa = PBXGroup;
			children = (
				DBEDFD0A2A22199B00897085 /* ResponseModel.swift */,
				C9BB226D2A1F72B000C73954 /* LocalDataSource.swift */,
			);
			path = Models;
			sourceTree = "<group>";
		};
		C9BB225A2A1F446600C73954 /* Home */ = {
			isa = PBXGroup;
			children = (
				DBF20EEE2A2248D30030D9D8 /* ViewModels */,
				CF8557A92A20A3030019137E /* View */,
			);
			path = Home;
			sourceTree = "<group>";
		};
		C9BB225F2A1F44B300C73954 /* Favourite */ = {
			isa = PBXGroup;
			children = (
				C9BB22602A1F44D400C73954 /* FavouriteStoryboard.storyboard */,
				C9BB22622A1F44E900C73954 /* FavouriteViewController.swift */,
				C9BB226B2A1F5DA100C73954 /* FavouriteTableViewCell.swift */,
				C965A1872A214BF800DF98E1 /* FavouriteViewModel.swift */,
			);
			path = Favourite;
			sourceTree = "<group>";
		};
		C9BB22642A1F44F500C73954 /* Details */ = {
			isa = PBXGroup;
			children = (
				DB75E2C82A22B9C0003AAF7F /* View */,
			);
			path = Details;
			sourceTree = "<group>";
		};
		C9BB226A2A1F482600C73954 /* NetworkLayer */ = {
			isa = PBXGroup;
			children = (
				DBEDFD0C2A221BC800897085 /* NetWorkServices.swift */,
			);
			path = NetworkLayer;
			sourceTree = "<group>";
		};
		CF7795CE2A2039D2004C50B3 /* Utilities */ = {
			isa = PBXGroup;
			children = (
				CF7795CF2A2039EF004C50B3 /* Utilities.swift */,
				CF40F30B2A20C3D900597260 /* GradientView.swift */,
			);
			path = Utilities;
			sourceTree = "<group>";
		};
		CF8557A92A20A3030019137E /* View */ = {
			isa = PBXGroup;
			children = (
				C9BB225D2A1F44AF00C73954 /* HomeStoryboard.storyboard */,
				C9BB225B2A1F44A400C73954 /* HomeViewController.swift */,
				CF40F3092A20C2D200597260 /* CategoryCollectionViewCelll.swift */,
			);
			path = View;
			sourceTree = "<group>";
		};
		DB3977272A21D167001AC58F /* BaseModules */ = {
			isa = PBXGroup;
			children = (
				C97B63832A1FBEE4005D11AD /* SceneDelegate.swift */,
				C97B63812A1FBEE4005D11AD /* AppDelegate.swift */,
			);
			path = BaseModules;
			sourceTree = "<group>";
		};
		DB75E2C82A22B9C0003AAF7F /* View */ = {
			isa = PBXGroup;
			children = (
				DB2A78242A22BD8500CE1EF7 /* DetailsStoryboard.storyboard */,
				C9BB22652A1F450D00C73954 /* DetailsViewController.swift */,
			);
			path = View;
			sourceTree = "<group>";
		};
		DBF20EEE2A2248D30030D9D8 /* ViewModels */ = {
			isa = PBXGroup;
			children = (
				DBF20EEF2A2248F10030D9D8 /* HomeViewModel.swift */,
			);
			path = ViewModels;
			sourceTree = "<group>";
		};
/* End PBXGroup section */

/* Begin PBXNativeTarget section */
		C97B637D2A1FBEE4005D11AD /* iOS_Project */ = {
			isa = PBXNativeTarget;
			buildConfigurationList = C97B63AB2A1FBEE8005D11AD /* Build configuration list for PBXNativeTarget "iOS_Project" */;
			buildPhases = (
				615FBC4825B9D428C8137B48 /* [CP] Check Pods Manifest.lock */,
				C97B637A2A1FBEE4005D11AD /* Sources */,
				C97B637B2A1FBEE4005D11AD /* Frameworks */,
				C97B637C2A1FBEE4005D11AD /* Resources */,
				95C1A140E5D081A7420AE7AC /* [CP] Embed Pods Frameworks */,
			);
			buildRules = (
			);
			dependencies = (
			);
			name = iOS_Project;
			productName = iOS_Project;
			productReference = C97B637E2A1FBEE4005D11AD /* iOS_Project.app */;
			productType = "com.apple.product-type.application";
		};
		C97B63962A1FBEE8005D11AD /* iOS_ProjectTests */ = {
			isa = PBXNativeTarget;
			buildConfigurationList = C97B63AE2A1FBEE8005D11AD /* Build configuration list for PBXNativeTarget "iOS_ProjectTests" */;
			buildPhases = (
				9610D666EE5A59E39799B0CD /* [CP] Check Pods Manifest.lock */,
				C97B63932A1FBEE8005D11AD /* Sources */,
				C97B63942A1FBEE8005D11AD /* Frameworks */,
				C97B63952A1FBEE8005D11AD /* Resources */,
			);
			buildRules = (
			);
			dependencies = (
				C97B63992A1FBEE8005D11AD /* PBXTargetDependency */,
			);
			name = iOS_ProjectTests;
			productName = iOS_ProjectTests;
			productReference = C97B63972A1FBEE8005D11AD /* iOS_ProjectTests.xctest */;
			productType = "com.apple.product-type.bundle.unit-test";
		};
		C97B63A02A1FBEE8005D11AD /* iOS_ProjectUITests */ = {
			isa = PBXNativeTarget;
			buildConfigurationList = C97B63B12A1FBEE8005D11AD /* Build configuration list for PBXNativeTarget "iOS_ProjectUITests" */;
			buildPhases = (
				C95E6E59BB98FE55F7CE908D /* [CP] Check Pods Manifest.lock */,
				C97B639D2A1FBEE8005D11AD /* Sources */,
				C97B639E2A1FBEE8005D11AD /* Frameworks */,
				C97B639F2A1FBEE8005D11AD /* Resources */,
				62C5F200B18BD9482475B595 /* [CP] Embed Pods Frameworks */,
			);
			buildRules = (
			);
			dependencies = (
				C97B63A32A1FBEE8005D11AD /* PBXTargetDependency */,
			);
			name = iOS_ProjectUITests;
			productName = iOS_ProjectUITests;
			productReference = C97B63A12A1FBEE8005D11AD /* iOS_ProjectUITests.xctest */;
			productType = "com.apple.product-type.bundle.ui-testing";
		};
/* End PBXNativeTarget section */

/* Begin PBXProject section */
		C97B63762A1FBEE4005D11AD /* Project object */ = {
			isa = PBXProject;
			attributes = {
				BuildIndependentTargetsInParallel = 1;
				LastSwiftUpdateCheck = 1420;
				LastUpgradeCheck = 1420;
				TargetAttributes = {
					C97B637D2A1FBEE4005D11AD = {
						CreatedOnToolsVersion = 14.2;
					};
					C97B63962A1FBEE8005D11AD = {
						CreatedOnToolsVersion = 14.2;
						TestTargetID = C97B637D2A1FBEE4005D11AD;
					};
					C97B63A02A1FBEE8005D11AD = {
						CreatedOnToolsVersion = 14.2;
						TestTargetID = C97B637D2A1FBEE4005D11AD;
					};
				};
			};
			buildConfigurationList = C97B63792A1FBEE4005D11AD /* Build configuration list for PBXProject "iOS_Project" */;
			compatibilityVersion = "Xcode 14.0";
			developmentRegion = en;
			hasScannedForEncodings = 0;
			knownRegions = (
				en,
				Base,
			);
			mainGroup = C97B63752A1FBEE4005D11AD;
			productRefGroup = C97B637F2A1FBEE4005D11AD /* Products */;
			projectDirPath = "";
			projectRoot = "";
			targets = (
				C97B637D2A1FBEE4005D11AD /* iOS_Project */,
				C97B63962A1FBEE8005D11AD /* iOS_ProjectTests */,
				C97B63A02A1FBEE8005D11AD /* iOS_ProjectUITests */,
			);
		};
/* End PBXProject section */

/* Begin PBXResourcesBuildPhase section */
		C97B637C2A1FBEE4005D11AD /* Resources */ = {
			isa = PBXResourcesBuildPhase;
			buildActionMask = 2147483647;
			files = (
				DB2A78252A22BD8500CE1EF7 /* DetailsStoryboard.storyboard in Resources */,
				C97B63912A1FBEE7005D11AD /* LaunchScreen.storyboard in Resources */,
				C97B638E2A1FBEE7005D11AD /* Assets.xcassets in Resources */,
				C9BB22612A1F44D400C73954 /* FavouriteStoryboard.storyboard in Resources */,
				C9BB225E2A1F44AF00C73954 /* HomeStoryboard.storyboard in Resources */,
				C97B63892A1FBEE4005D11AD /* Main.storyboard in Resources */,
			);
			runOnlyForDeploymentPostprocessing = 0;
		};
		C97B63952A1FBEE8005D11AD /* Resources */ = {
			isa = PBXResourcesBuildPhase;
			buildActionMask = 2147483647;
			files = (
			);
			runOnlyForDeploymentPostprocessing = 0;
		};
		C97B639F2A1FBEE8005D11AD /* Resources */ = {
			isa = PBXResourcesBuildPhase;
			buildActionMask = 2147483647;
			files = (
			);
			runOnlyForDeploymentPostprocessing = 0;
		};
/* End PBXResourcesBuildPhase section */

/* Begin PBXShellScriptBuildPhase section */
		615FBC4825B9D428C8137B48 /* [CP] Check Pods Manifest.lock */ = {
			isa = PBXShellScriptBuildPhase;
			buildActionMask = 2147483647;
			files = (
			);
			inputFileListPaths = (
			);
			inputPaths = (
				"${PODS_PODFILE_DIR_PATH}/Podfile.lock",
				"${PODS_ROOT}/Manifest.lock",
			);
			name = "[CP] Check Pods Manifest.lock";
			outputFileListPaths = (
			);
			outputPaths = (
				"$(DERIVED_FILE_DIR)/Pods-iOS_Project-checkManifestLockResult.txt",
			);
			runOnlyForDeploymentPostprocessing = 0;
			shellPath = /bin/sh;
			shellScript = "diff \"${PODS_PODFILE_DIR_PATH}/Podfile.lock\" \"${PODS_ROOT}/Manifest.lock\" > /dev/null\nif [ $? != 0 ] ; then\n    # print error to STDERR\n    echo \"error: The sandbox is not in sync with the Podfile.lock. Run 'pod install' or update your CocoaPods installation.\" >&2\n    exit 1\nfi\n# This output is used by Xcode 'outputs' to avoid re-running this script phase.\necho \"SUCCESS\" > \"${SCRIPT_OUTPUT_FILE_0}\"\n";
			showEnvVarsInLog = 0;
		};
		62C5F200B18BD9482475B595 /* [CP] Embed Pods Frameworks */ = {
			isa = PBXShellScriptBuildPhase;
			buildActionMask = 2147483647;
			files = (
			);
			inputFileListPaths = (
				"${PODS_ROOT}/Target Support Files/Pods-iOS_Project-iOS_ProjectUITests/Pods-iOS_Project-iOS_ProjectUITests-frameworks-${CONFIGURATION}-input-files.xcfilelist",
			);
			name = "[CP] Embed Pods Frameworks";
			outputFileListPaths = (
				"${PODS_ROOT}/Target Support Files/Pods-iOS_Project-iOS_ProjectUITests/Pods-iOS_Project-iOS_ProjectUITests-frameworks-${CONFIGURATION}-output-files.xcfilelist",
			);
			runOnlyForDeploymentPostprocessing = 0;
			shellPath = /bin/sh;
			shellScript = "\"${PODS_ROOT}/Target Support Files/Pods-iOS_Project-iOS_ProjectUITests/Pods-iOS_Project-iOS_ProjectUITests-frameworks.sh\"\n";
			showEnvVarsInLog = 0;
		};
		95C1A140E5D081A7420AE7AC /* [CP] Embed Pods Frameworks */ = {
			isa = PBXShellScriptBuildPhase;
			buildActionMask = 2147483647;
			files = (
			);
			inputFileListPaths = (
				"${PODS_ROOT}/Target Support Files/Pods-iOS_Project/Pods-iOS_Project-frameworks-${CONFIGURATION}-input-files.xcfilelist",
			);
			name = "[CP] Embed Pods Frameworks";
			outputFileListPaths = (
				"${PODS_ROOT}/Target Support Files/Pods-iOS_Project/Pods-iOS_Project-frameworks-${CONFIGURATION}-output-files.xcfilelist",
			);
			runOnlyForDeploymentPostprocessing = 0;
			shellPath = /bin/sh;
			shellScript = "\"${PODS_ROOT}/Target Support Files/Pods-iOS_Project/Pods-iOS_Project-frameworks.sh\"\n";
			showEnvVarsInLog = 0;
		};
		9610D666EE5A59E39799B0CD /* [CP] Check Pods Manifest.lock */ = {
			isa = PBXShellScriptBuildPhase;
			buildActionMask = 2147483647;
			files = (
			);
			inputFileListPaths = (
			);
			inputPaths = (
				"${PODS_PODFILE_DIR_PATH}/Podfile.lock",
				"${PODS_ROOT}/Manifest.lock",
			);
			name = "[CP] Check Pods Manifest.lock";
			outputFileListPaths = (
			);
			outputPaths = (
				"$(DERIVED_FILE_DIR)/Pods-iOS_ProjectTests-checkManifestLockResult.txt",
			);
			runOnlyForDeploymentPostprocessing = 0;
			shellPath = /bin/sh;
			shellScript = "diff \"${PODS_PODFILE_DIR_PATH}/Podfile.lock\" \"${PODS_ROOT}/Manifest.lock\" > /dev/null\nif [ $? != 0 ] ; then\n    # print error to STDERR\n    echo \"error: The sandbox is not in sync with the Podfile.lock. Run 'pod install' or update your CocoaPods installation.\" >&2\n    exit 1\nfi\n# This output is used by Xcode 'outputs' to avoid re-running this script phase.\necho \"SUCCESS\" > \"${SCRIPT_OUTPUT_FILE_0}\"\n";
			showEnvVarsInLog = 0;
		};
		C95E6E59BB98FE55F7CE908D /* [CP] Check Pods Manifest.lock */ = {
			isa = PBXShellScriptBuildPhase;
			buildActionMask = 2147483647;
			files = (
			);
			inputFileListPaths = (
			);
			inputPaths = (
				"${PODS_PODFILE_DIR_PATH}/Podfile.lock",
				"${PODS_ROOT}/Manifest.lock",
			);
			name = "[CP] Check Pods Manifest.lock";
			outputFileListPaths = (
			);
			outputPaths = (
				"$(DERIVED_FILE_DIR)/Pods-iOS_Project-iOS_ProjectUITests-checkManifestLockResult.txt",
			);
			runOnlyForDeploymentPostprocessing = 0;
			shellPath = /bin/sh;
			shellScript = "diff \"${PODS_PODFILE_DIR_PATH}/Podfile.lock\" \"${PODS_ROOT}/Manifest.lock\" > /dev/null\nif [ $? != 0 ] ; then\n    # print error to STDERR\n    echo \"error: The sandbox is not in sync with the Podfile.lock. Run 'pod install' or update your CocoaPods installation.\" >&2\n    exit 1\nfi\n# This output is used by Xcode 'outputs' to avoid re-running this script phase.\necho \"SUCCESS\" > \"${SCRIPT_OUTPUT_FILE_0}\"\n";
			showEnvVarsInLog = 0;
		};
/* End PBXShellScriptBuildPhase section */

/* Begin PBXSourcesBuildPhase section */
		C97B637A2A1FBEE4005D11AD /* Sources */ = {
			isa = PBXSourcesBuildPhase;
			buildActionMask = 2147483647;
			files = (
				DBF20EF02A2248F10030D9D8 /* HomeViewModel.swift in Sources */,
				C9BB226E2A1F72B000C73954 /* LocalDataSource.swift in Sources */,
				CF8557AB2A20A3460019137E /* (null) in Sources */,
				C97B63862A1FBEE4005D11AD /* ViewController.swift in Sources */,
				CF8557B52A20AEB60019137E /* (null) in Sources */,
				DBEDFD0D2A221BC800897085 /* NetWorkServices.swift in Sources */,
				C9BB226C2A1F5DA100C73954 /* FavouriteTableViewCell.swift in Sources */,
				DBEDFD0B2A22199B00897085 /* ResponseModel.swift in Sources */,
				CF40F30A2A20C2D200597260 /* CategoryCollectionViewCelll.swift in Sources */,
				C97B638C2A1FBEE4005D11AD /* iOS_Project.xcdatamodeld in Sources */,
				C97B63822A1FBEE4005D11AD /* AppDelegate.swift in Sources */,
				C9BB22662A1F450D00C73954 /* DetailsViewController.swift in Sources */,
				CF7795D02A2039EF004C50B3 /* Utilities.swift in Sources */,
				C9BB22632A1F44E900C73954 /* FavouriteViewController.swift in Sources */,
				C965A1882A214BF800DF98E1 /* FavouriteViewModel.swift in Sources */,
				CF40F30C2A20C3D900597260 /* GradientView.swift in Sources */,
				C97B63842A1FBEE4005D11AD /* SceneDelegate.swift in Sources */,
				C9BB225C2A1F44A400C73954 /* HomeViewController.swift in Sources */,
			);
			runOnlyForDeploymentPostprocessing = 0;
		};
		C97B63932A1FBEE8005D11AD /* Sources */ = {
			isa = PBXSourcesBuildPhase;
			buildActionMask = 2147483647;
			files = (
				C965A18A2A2150C700DF98E1 /* TestCoreData.swift in Sources */,
				C97B639C2A1FBEE8005D11AD /* iOS_ProjectTests.swift in Sources */,
			);
			runOnlyForDeploymentPostprocessing = 0;
		};
		C97B639D2A1FBEE8005D11AD /* Sources */ = {
			isa = PBXSourcesBuildPhase;
			buildActionMask = 2147483647;
			files = (
				C97B63A82A1FBEE8005D11AD /* iOS_ProjectUITestsLaunchTests.swift in Sources */,
				C97B63A62A1FBEE8005D11AD /* iOS_ProjectUITests.swift in Sources */,
			);
			runOnlyForDeploymentPostprocessing = 0;
		};
/* End PBXSourcesBuildPhase section */

/* Begin PBXTargetDependency section */
		C97B63992A1FBEE8005D11AD /* PBXTargetDependency */ = {
			isa = PBXTargetDependency;
			target = C97B637D2A1FBEE4005D11AD /* iOS_Project */;
			targetProxy = C97B63982A1FBEE8005D11AD /* PBXContainerItemProxy */;
		};
		C97B63A32A1FBEE8005D11AD /* PBXTargetDependency */ = {
			isa = PBXTargetDependency;
			target = C97B637D2A1FBEE4005D11AD /* iOS_Project */;
			targetProxy = C97B63A22A1FBEE8005D11AD /* PBXContainerItemProxy */;
		};
/* End PBXTargetDependency section */

/* Begin PBXVariantGroup section */
		C97B63872A1FBEE4005D11AD /* Main.storyboard */ = {
			isa = PBXVariantGroup;
			children = (
				C97B63882A1FBEE4005D11AD /* Base */,
			);
			name = Main.storyboard;
			sourceTree = "<group>";
		};
		C97B638F2A1FBEE7005D11AD /* LaunchScreen.storyboard */ = {
			isa = PBXVariantGroup;
			children = (
				C97B63902A1FBEE7005D11AD /* Base */,
			);
			name = LaunchScreen.storyboard;
			sourceTree = "<group>";
		};
/* End PBXVariantGroup section */

/* Begin XCBuildConfiguration section */
		C97B63A92A1FBEE8005D11AD /* Debug */ = {
			isa = XCBuildConfiguration;
			buildSettings = {
				ALWAYS_SEARCH_USER_PATHS = NO;
				CLANG_ANALYZER_NONNULL = YES;
				CLANG_ANALYZER_NUMBER_OBJECT_CONVERSION = YES_AGGRESSIVE;
				CLANG_CXX_LANGUAGE_STANDARD = "gnu++20";
				CLANG_ENABLE_MODULES = YES;
				CLANG_ENABLE_OBJC_ARC = YES;
				CLANG_ENABLE_OBJC_WEAK = YES;
				CLANG_WARN_BLOCK_CAPTURE_AUTORELEASING = YES;
				CLANG_WARN_BOOL_CONVERSION = YES;
				CLANG_WARN_COMMA = YES;
				CLANG_WARN_CONSTANT_CONVERSION = YES;
				CLANG_WARN_DEPRECATED_OBJC_IMPLEMENTATIONS = YES;
				CLANG_WARN_DIRECT_OBJC_ISA_USAGE = YES_ERROR;
				CLANG_WARN_DOCUMENTATION_COMMENTS = YES;
				CLANG_WARN_EMPTY_BODY = YES;
				CLANG_WARN_ENUM_CONVERSION = YES;
				CLANG_WARN_INFINITE_RECURSION = YES;
				CLANG_WARN_INT_CONVERSION = YES;
				CLANG_WARN_NON_LITERAL_NULL_CONVERSION = YES;
				CLANG_WARN_OBJC_IMPLICIT_RETAIN_SELF = YES;
				CLANG_WARN_OBJC_LITERAL_CONVERSION = YES;
				CLANG_WARN_OBJC_ROOT_CLASS = YES_ERROR;
				CLANG_WARN_QUOTED_INCLUDE_IN_FRAMEWORK_HEADER = YES;
				CLANG_WARN_RANGE_LOOP_ANALYSIS = YES;
				CLANG_WARN_STRICT_PROTOTYPES = YES;
				CLANG_WARN_SUSPICIOUS_MOVE = YES;
				CLANG_WARN_UNGUARDED_AVAILABILITY = YES_AGGRESSIVE;
				CLANG_WARN_UNREACHABLE_CODE = YES;
				CLANG_WARN__DUPLICATE_METHOD_MATCH = YES;
				COPY_PHASE_STRIP = NO;
				DEBUG_INFORMATION_FORMAT = dwarf;
				ENABLE_STRICT_OBJC_MSGSEND = YES;
				ENABLE_TESTABILITY = YES;
				GCC_C_LANGUAGE_STANDARD = gnu11;
				GCC_DYNAMIC_NO_PIC = NO;
				GCC_NO_COMMON_BLOCKS = YES;
				GCC_OPTIMIZATION_LEVEL = 0;
				GCC_PREPROCESSOR_DEFINITIONS = (
					"DEBUG=1",
					"$(inherited)",
				);
				GCC_WARN_64_TO_32_BIT_CONVERSION = YES;
				GCC_WARN_ABOUT_RETURN_TYPE = YES_ERROR;
				GCC_WARN_UNDECLARED_SELECTOR = YES;
				GCC_WARN_UNINITIALIZED_AUTOS = YES_AGGRESSIVE;
				GCC_WARN_UNUSED_FUNCTION = YES;
				GCC_WARN_UNUSED_VARIABLE = YES;
				IPHONEOS_DEPLOYMENT_TARGET = 16.2;
				MTL_ENABLE_DEBUG_INFO = INCLUDE_SOURCE;
				MTL_FAST_MATH = YES;
				ONLY_ACTIVE_ARCH = YES;
				SDKROOT = iphoneos;
				SWIFT_ACTIVE_COMPILATION_CONDITIONS = DEBUG;
				SWIFT_OPTIMIZATION_LEVEL = "-Onone";
			};
			name = Debug;
		};
		C97B63AA2A1FBEE8005D11AD /* Release */ = {
			isa = XCBuildConfiguration;
			buildSettings = {
				ALWAYS_SEARCH_USER_PATHS = NO;
				CLANG_ANALYZER_NONNULL = YES;
				CLANG_ANALYZER_NUMBER_OBJECT_CONVERSION = YES_AGGRESSIVE;
				CLANG_CXX_LANGUAGE_STANDARD = "gnu++20";
				CLANG_ENABLE_MODULES = YES;
				CLANG_ENABLE_OBJC_ARC = YES;
				CLANG_ENABLE_OBJC_WEAK = YES;
				CLANG_WARN_BLOCK_CAPTURE_AUTORELEASING = YES;
				CLANG_WARN_BOOL_CONVERSION = YES;
				CLANG_WARN_COMMA = YES;
				CLANG_WARN_CONSTANT_CONVERSION = YES;
				CLANG_WARN_DEPRECATED_OBJC_IMPLEMENTATIONS = YES;
				CLANG_WARN_DIRECT_OBJC_ISA_USAGE = YES_ERROR;
				CLANG_WARN_DOCUMENTATION_COMMENTS = YES;
				CLANG_WARN_EMPTY_BODY = YES;
				CLANG_WARN_ENUM_CONVERSION = YES;
				CLANG_WARN_INFINITE_RECURSION = YES;
				CLANG_WARN_INT_CONVERSION = YES;
				CLANG_WARN_NON_LITERAL_NULL_CONVERSION = YES;
				CLANG_WARN_OBJC_IMPLICIT_RETAIN_SELF = YES;
				CLANG_WARN_OBJC_LITERAL_CONVERSION = YES;
				CLANG_WARN_OBJC_ROOT_CLASS = YES_ERROR;
				CLANG_WARN_QUOTED_INCLUDE_IN_FRAMEWORK_HEADER = YES;
				CLANG_WARN_RANGE_LOOP_ANALYSIS = YES;
				CLANG_WARN_STRICT_PROTOTYPES = YES;
				CLANG_WARN_SUSPICIOUS_MOVE = YES;
				CLANG_WARN_UNGUARDED_AVAILABILITY = YES_AGGRESSIVE;
				CLANG_WARN_UNREACHABLE_CODE = YES;
				CLANG_WARN__DUPLICATE_METHOD_MATCH = YES;
				COPY_PHASE_STRIP = NO;
				DEBUG_INFORMATION_FORMAT = "dwarf-with-dsym";
				ENABLE_NS_ASSERTIONS = NO;
				ENABLE_STRICT_OBJC_MSGSEND = YES;
				GCC_C_LANGUAGE_STANDARD = gnu11;
				GCC_NO_COMMON_BLOCKS = YES;
				GCC_WARN_64_TO_32_BIT_CONVERSION = YES;
				GCC_WARN_ABOUT_RETURN_TYPE = YES_ERROR;
				GCC_WARN_UNDECLARED_SELECTOR = YES;
				GCC_WARN_UNINITIALIZED_AUTOS = YES_AGGRESSIVE;
				GCC_WARN_UNUSED_FUNCTION = YES;
				GCC_WARN_UNUSED_VARIABLE = YES;
				IPHONEOS_DEPLOYMENT_TARGET = 16.2;
				MTL_ENABLE_DEBUG_INFO = NO;
				MTL_FAST_MATH = YES;
				SDKROOT = iphoneos;
				SWIFT_COMPILATION_MODE = wholemodule;
				SWIFT_OPTIMIZATION_LEVEL = "-O";
				VALIDATE_PRODUCT = YES;
			};
			name = Release;
		};
		C97B63AC2A1FBEE8005D11AD /* Debug */ = {
			isa = XCBuildConfiguration;
			baseConfigurationReference = 6699A017DB7CBAB8B9835E6B /* Pods-iOS_Project.debug.xcconfig */;
			buildSettings = {
				ASSETCATALOG_COMPILER_APPICON_NAME = AppIcon;
				ASSETCATALOG_COMPILER_GLOBAL_ACCENT_COLOR_NAME = AccentColor;
				CODE_SIGN_STYLE = Automatic;
				CURRENT_PROJECT_VERSION = 1;
				GENERATE_INFOPLIST_FILE = YES;
				INFOPLIST_FILE = iOS_Project/Info.plist;
				INFOPLIST_KEY_UIApplicationSupportsIndirectInputEvents = YES;
				INFOPLIST_KEY_UILaunchStoryboardName = LaunchScreen;
				INFOPLIST_KEY_UIMainStoryboardFile = Main;
				INFOPLIST_KEY_UISupportedInterfaceOrientations_iPad = "UIInterfaceOrientationPortrait UIInterfaceOrientationPortraitUpsideDown UIInterfaceOrientationLandscapeLeft UIInterfaceOrientationLandscapeRight";
				INFOPLIST_KEY_UISupportedInterfaceOrientations_iPhone = "UIInterfaceOrientationPortrait UIInterfaceOrientationLandscapeLeft UIInterfaceOrientationLandscapeRight";
				LD_RUNPATH_SEARCH_PATHS = (
					"$(inherited)",
					"@executable_path/Frameworks",
				);
				MARKETING_VERSION = 1.0;
				PRODUCT_BUNDLE_IDENTIFIER = "Swift.iOS-Project";
				PRODUCT_NAME = "$(TARGET_NAME)";
				SWIFT_EMIT_LOC_STRINGS = YES;
				SWIFT_VERSION = 5.0;
				TARGETED_DEVICE_FAMILY = "1,2";
			};
			name = Debug;
		};
		C97B63AD2A1FBEE8005D11AD /* Release */ = {
			isa = XCBuildConfiguration;
			baseConfigurationReference = 2E68ED597D5E1B77A258D9E8 /* Pods-iOS_Project.release.xcconfig */;
			buildSettings = {
				ASSETCATALOG_COMPILER_APPICON_NAME = AppIcon;
				ASSETCATALOG_COMPILER_GLOBAL_ACCENT_COLOR_NAME = AccentColor;
				CODE_SIGN_STYLE = Automatic;
				CURRENT_PROJECT_VERSION = 1;
				GENERATE_INFOPLIST_FILE = YES;
				INFOPLIST_FILE = iOS_Project/Info.plist;
				INFOPLIST_KEY_UIApplicationSupportsIndirectInputEvents = YES;
				INFOPLIST_KEY_UILaunchStoryboardName = LaunchScreen;
				INFOPLIST_KEY_UIMainStoryboardFile = Main;
				INFOPLIST_KEY_UISupportedInterfaceOrientations_iPad = "UIInterfaceOrientationPortrait UIInterfaceOrientationPortraitUpsideDown UIInterfaceOrientationLandscapeLeft UIInterfaceOrientationLandscapeRight";
				INFOPLIST_KEY_UISupportedInterfaceOrientations_iPhone = "UIInterfaceOrientationPortrait UIInterfaceOrientationLandscapeLeft UIInterfaceOrientationLandscapeRight";
				LD_RUNPATH_SEARCH_PATHS = (
					"$(inherited)",
					"@executable_path/Frameworks",
				);
				MARKETING_VERSION = 1.0;
				PRODUCT_BUNDLE_IDENTIFIER = "Swift.iOS-Project";
				PRODUCT_NAME = "$(TARGET_NAME)";
				SWIFT_EMIT_LOC_STRINGS = YES;
				SWIFT_VERSION = 5.0;
				TARGETED_DEVICE_FAMILY = "1,2";
			};
			name = Release;
		};
		C97B63AF2A1FBEE8005D11AD /* Debug */ = {
			isa = XCBuildConfiguration;
			baseConfigurationReference = 8354C43447E4D8A447029F02 /* Pods-iOS_ProjectTests.debug.xcconfig */;
			buildSettings = {
				ALWAYS_EMBED_SWIFT_STANDARD_LIBRARIES = YES;
				BUNDLE_LOADER = "$(TEST_HOST)";
				CODE_SIGN_STYLE = Automatic;
				CURRENT_PROJECT_VERSION = 1;
				GENERATE_INFOPLIST_FILE = YES;
				IPHONEOS_DEPLOYMENT_TARGET = 16.2;
				MARKETING_VERSION = 1.0;
				PRODUCT_BUNDLE_IDENTIFIER = "Swift.iOS-ProjectTests";
				PRODUCT_NAME = "$(TARGET_NAME)";
				SWIFT_EMIT_LOC_STRINGS = NO;
				SWIFT_VERSION = 5.0;
				TARGETED_DEVICE_FAMILY = "1,2";
				TEST_HOST = "$(BUILT_PRODUCTS_DIR)/iOS_Project.app/$(BUNDLE_EXECUTABLE_FOLDER_PATH)/iOS_Project";
			};
			name = Debug;
		};
		C97B63B02A1FBEE8005D11AD /* Release */ = {
			isa = XCBuildConfiguration;
			baseConfigurationReference = 359059060DCCBF53C3FB5657 /* Pods-iOS_ProjectTests.release.xcconfig */;
			buildSettings = {
				ALWAYS_EMBED_SWIFT_STANDARD_LIBRARIES = YES;
				BUNDLE_LOADER = "$(TEST_HOST)";
				CODE_SIGN_STYLE = Automatic;
				CURRENT_PROJECT_VERSION = 1;
				GENERATE_INFOPLIST_FILE = YES;
				IPHONEOS_DEPLOYMENT_TARGET = 16.2;
				MARKETING_VERSION = 1.0;
				PRODUCT_BUNDLE_IDENTIFIER = "Swift.iOS-ProjectTests";
				PRODUCT_NAME = "$(TARGET_NAME)";
				SWIFT_EMIT_LOC_STRINGS = NO;
				SWIFT_VERSION = 5.0;
				TARGETED_DEVICE_FAMILY = "1,2";
				TEST_HOST = "$(BUILT_PRODUCTS_DIR)/iOS_Project.app/$(BUNDLE_EXECUTABLE_FOLDER_PATH)/iOS_Project";
			};
			name = Release;
		};
		C97B63B22A1FBEE8005D11AD /* Debug */ = {
			isa = XCBuildConfiguration;
			baseConfigurationReference = FAA94E930C307E655779DB15 /* Pods-iOS_Project-iOS_ProjectUITests.debug.xcconfig */;
			buildSettings = {
				ALWAYS_EMBED_SWIFT_STANDARD_LIBRARIES = YES;
				CODE_SIGN_STYLE = Automatic;
				CURRENT_PROJECT_VERSION = 1;
				GENERATE_INFOPLIST_FILE = YES;
				MARKETING_VERSION = 1.0;
				PRODUCT_BUNDLE_IDENTIFIER = "Swift.iOS-ProjectUITests";
				PRODUCT_NAME = "$(TARGET_NAME)";
				SWIFT_EMIT_LOC_STRINGS = NO;
				SWIFT_VERSION = 5.0;
				TARGETED_DEVICE_FAMILY = "1,2";
				TEST_TARGET_NAME = iOS_Project;
			};
			name = Debug;
		};
		C97B63B32A1FBEE8005D11AD /* Release */ = {
			isa = XCBuildConfiguration;
			baseConfigurationReference = 31A99F5493B33309637A06E5 /* Pods-iOS_Project-iOS_ProjectUITests.release.xcconfig */;
			buildSettings = {
				ALWAYS_EMBED_SWIFT_STANDARD_LIBRARIES = YES;
				CODE_SIGN_STYLE = Automatic;
				CURRENT_PROJECT_VERSION = 1;
				GENERATE_INFOPLIST_FILE = YES;
				MARKETING_VERSION = 1.0;
				PRODUCT_BUNDLE_IDENTIFIER = "Swift.iOS-ProjectUITests";
				PRODUCT_NAME = "$(TARGET_NAME)";
				SWIFT_EMIT_LOC_STRINGS = NO;
				SWIFT_VERSION = 5.0;
				TARGETED_DEVICE_FAMILY = "1,2";
				TEST_TARGET_NAME = iOS_Project;
			};
			name = Release;
		};
/* End XCBuildConfiguration section */

/* Begin XCConfigurationList section */
		C97B63792A1FBEE4005D11AD /* Build configuration list for PBXProject "iOS_Project" */ = {
			isa = XCConfigurationList;
			buildConfigurations = (
				C97B63A92A1FBEE8005D11AD /* Debug */,
				C97B63AA2A1FBEE8005D11AD /* Release */,
			);
			defaultConfigurationIsVisible = 0;
			defaultConfigurationName = Release;
		};
		C97B63AB2A1FBEE8005D11AD /* Build configuration list for PBXNativeTarget "iOS_Project" */ = {
			isa = XCConfigurationList;
			buildConfigurations = (
				C97B63AC2A1FBEE8005D11AD /* Debug */,
				C97B63AD2A1FBEE8005D11AD /* Release */,
			);
			defaultConfigurationIsVisible = 0;
			defaultConfigurationName = Release;
		};
		C97B63AE2A1FBEE8005D11AD /* Build configuration list for PBXNativeTarget "iOS_ProjectTests" */ = {
			isa = XCConfigurationList;
			buildConfigurations = (
				C97B63AF2A1FBEE8005D11AD /* Debug */,
				C97B63B02A1FBEE8005D11AD /* Release */,
			);
			defaultConfigurationIsVisible = 0;
			defaultConfigurationName = Release;
		};
		C97B63B12A1FBEE8005D11AD /* Build configuration list for PBXNativeTarget "iOS_ProjectUITests" */ = {
			isa = XCConfigurationList;
			buildConfigurations = (
				C97B63B22A1FBEE8005D11AD /* Debug */,
				C97B63B32A1FBEE8005D11AD /* Release */,
			);
			defaultConfigurationIsVisible = 0;
			defaultConfigurationName = Release;
		};
/* End XCConfigurationList section */

/* Begin XCVersionGroup section */
		C97B638A2A1FBEE4005D11AD /* iOS_Project.xcdatamodeld */ = {
			isa = XCVersionGroup;
			children = (
				C97B638B2A1FBEE4005D11AD /* iOS_Project.xcdatamodel */,
			);
			currentVersion = C97B638B2A1FBEE4005D11AD /* iOS_Project.xcdatamodel */;
			path = iOS_Project.xcdatamodeld;
			sourceTree = "<group>";
			versionGroupType = wrapper.xcdatamodel;
		};
/* End XCVersionGroup section */
	};
	rootObject = C97B63762A1FBEE4005D11AD /* Project object */;
}
